github.com/packruler/compressutil v0.0.1 h1:+sTHi2BMeH2D7CrDzDfdUnH7IL6zdiqXlpVjWpCZXWQ=
github.com/packruler/compressutil v0.0.1/go.mod h1:K917XjWiE2fz/wN3ylp2Kf0pAMG+N9tbmSpWZ5l5ths=
github.com/packruler/httputil v0.0.1 h1:w/4QFMip6+9MPsa3BmtGHYiUtaulDuWL3BYTkiPKQcE=
github.com/packruler/httputil v0.0.1/go.mod h1:O/1TH12+G/6s2vf076w2BglCJoCczpGUQB17sirOy2I=
